
Microsoft Visual Studio Solution File, Format Version 12.00
# Visual Studio Version 16
VisualStudioVersion = 16.0.30621.155
MinimumVisualStudioVersion = 10.0.40219.1
Project("{FAE04EC0-301F-11D3-BF4B-00C04F79EFBC}") = "Ogrenci_Not_Hesaplama_Programi", "Ogrenci_Not_Hesaplama_Programi\Ogrenci_Not_Hesaplama_Programi.csproj", "{23F6D87F-5093-494A-986C-E50D1558B873}"
EndProject
Global
	GlobalSection(SolutionConfigurationPlatforms) = preSolution
		Debug|Any CPU = Debug|Any CPU
		Release|Any CPU = Release|Any CPU
	EndGlobalSection
	GlobalSection(ProjectConfigurationPlatforms) = postSolution
		{23F6D87F-5093-494A-986C-E50D1558B873}.Debug|Any CPU.ActiveCfg = Debug|Any CPU
		{23F6D87F-5093-494A-986C-E50D1558B873}.Debug|Any CPU.Build.0 = Debug|Any CPU
		{23F6D87F-5093-494A-986C-E50D1558B873}.Release|Any CPU.ActiveCfg = Release|Any CPU
		{23F6D87F-5093-494A-986C-E50D1558B873}.Release|Any CPU.Build.0 = Release|Any CPU
	EndGlobalSection
	GlobalSection(SolutionProperties) = preSolution
		HideSolutionNode = FALSE
	EndGlobalSection
	GlobalSection(ExtensibilityGlobals) = postSolution
		SolutionGuid = {B5B8481D-A876-49B1-9550-B8087EFACE79}
	EndGlobalSection
EndGlobal
